
Microsoft Visual Studio Solution File, Format Version 12.00
# Visual Studio Version 17
VisualStudioVersion = 17.14.36301.6 d17.14
MinimumVisualStudioVersion = 10.0.40219.1
Project("{2150E333-8FDC-42A3-9474-1A3956D46DE8}") = "Modelo", "Modelo", "{02EA681E-C7D8-13C7-8484-4AC65E1B71E8}"
EndProject
Project("{2150E333-8FDC-42A3-9474-1A3956D46DE8}") = "Vistas", "Vistas", "{3B1EF090-FA65-4B29-9953-83F3BCE2D85B}"
EndProject
Project("{FAE04EC0-301F-11D3-BF4B-00C04F79EFBC}") = "Modelo", "Modelo\Modelo.csproj", "{EBCC725F-5466-45F6-A4A3-6EF125A78FD4}"
EndProject
Project("{FAE04EC0-301F-11D3-BF4B-00C04F79EFBC}") = "formLogin.cs", "formLogin.cs\formLogin.cs.csproj", "{79C74273-4C8F-4692-8F4A-1A6DB3F7EC2E}"
EndProject
Global
	GlobalSection(SolutionConfigurationPlatforms) = preSolution
		Debug|Any CPU = Debug|Any CPU
		Release|Any CPU = Release|Any CPU
	EndGlobalSection
	GlobalSection(ProjectConfigurationPlatforms) = postSolution
		{EBCC725F-5466-45F6-A4A3-6EF125A78FD4}.Debug|Any CPU.ActiveCfg = Debug|Any CPU
		{EBCC725F-5466-45F6-A4A3-6EF125A78FD4}.Debug|Any CPU.Build.0 = Debug|Any CPU
		{EBCC725F-5466-45F6-A4A3-6EF125A78FD4}.Release|Any CPU.ActiveCfg = Release|Any CPU
		{EBCC725F-5466-45F6-A4A3-6EF125A78FD4}.Release|Any CPU.Build.0 = Release|Any CPU
		{79C74273-4C8F-4692-8F4A-1A6DB3F7EC2E}.Debug|Any CPU.ActiveCfg = Debug|Any CPU
		{79C74273-4C8F-4692-8F4A-1A6DB3F7EC2E}.Debug|Any CPU.Build.0 = Debug|Any CPU
		{79C74273-4C8F-4692-8F4A-1A6DB3F7EC2E}.Release|Any CPU.ActiveCfg = Release|Any CPU
		{79C74273-4C8F-4692-8F4A-1A6DB3F7EC2E}.Release|Any CPU.Build.0 = Release|Any CPU
	EndGlobalSection
	GlobalSection(SolutionProperties) = preSolution
		HideSolutionNode = FALSE
	EndGlobalSection
	GlobalSection(NestedProjects) = preSolution
		{EBCC725F-5466-45F6-A4A3-6EF125A78FD4} = {02EA681E-C7D8-13C7-8484-4AC65E1B71E8}
		{79C74273-4C8F-4692-8F4A-1A6DB3F7EC2E} = {3B1EF090-FA65-4B29-9953-83F3BCE2D85B}
	EndGlobalSection
	GlobalSection(ExtensibilityGlobals) = postSolution
		SolutionGuid = {C39755BE-5E58-4292-AEE1-0374167B833F}
	EndGlobalSection
EndGlobal
